// !$*UTF8*$!
{
	archiveVersion = 1;
	classes = {
	};
	objectVersion = 46;
	objects = {

/* Begin PBXBuildFile section */
		CEB320FC18E952E2004134D4 /* Foundation.framework in Frameworks */ = {isa = PBXBuildFile; fileRef = CEB320FB18E952E2004134D4 /* Foundation.framework */; };
		CEB320FE18E952E2004134D4 /* CoreGraphics.framework in Frameworks */ = {isa = PBXBuildFile; fileRef = CEB320FD18E952E2004134D4 /* CoreGraphics.framework */; };
		CEB3210018E952E2004134D4 /* UIKit.framework in Frameworks */ = {isa = PBXBuildFile; fileRef = CEB320FF18E952E2004134D4 /* UIKit.framework */; };
		CEB3210618E952E2004134D4 /* InfoPlist.strings in Resources */ = {isa = PBXBuildFile; fileRef = CEB3210418E952E2004134D4 /* InfoPlist.strings */; };
		CEB3210818E952E2004134D4 /* main.m in Sources */ = {isa = PBXBuildFile; fileRef = CEB3210718E952E2004134D4 /* main.m */; };
		CEB3210C18E952E2004134D4 /* AppDelegate.m in Sources */ = {isa = PBXBuildFile; fileRef = CEB3210B18E952E2004134D4 /* AppDelegate.m */; };
		CEB3210E18E952E2004134D4 /* Images.xcassets in Resources */ = {isa = PBXBuildFile; fileRef = CEB3210D18E952E2004134D4 /* Images.xcassets */; };
		CEB3211518E952E2004134D4 /* XCTest.framework in Frameworks */ = {isa = PBXBuildFile; fileRef = CEB3211418E952E2004134D4 /* XCTest.framework */; };
		CEB3211618E952E2004134D4 /* Foundation.framework in Frameworks */ = {isa = PBXBuildFile; fileRef = CEB320FB18E952E2004134D4 /* Foundation.framework */; };
		CEB3211718E952E2004134D4 /* UIKit.framework in Frameworks */ = {isa = PBXBuildFile; fileRef = CEB320FF18E952E2004134D4 /* UIKit.framework */; };
		CEB3211F18E952E2004134D4 /* InfoPlist.strings in Resources */ = {isa = PBXBuildFile; fileRef = CEB3211D18E952E2004134D4 /* InfoPlist.strings */; };
		CEB3212118E952E2004134D4 /* DZTests.m in Sources */ = {isa = PBXBuildFile; fileRef = CEB3212018E952E2004134D4 /* DZTests.m */; };
/* End PBXBuildFile section */

/* Begin PBXContainerItemProxy section */
		CEB3211818E952E2004134D4 /* PBXContainerItemProxy */ = {
			isa = PBXContainerItemProxy;
			containerPortal = CEB320F018E952E2004134D4 /* Project object */;
			proxyType = 1;
			remoteGlobalIDString = CEB320F718E952E2004134D4;
			remoteInfo = DZ;
		};
/* End PBXContainerItemProxy section */

/* Begin PBXFileReference section */
		CEB320F818E952E2004134D4 /* DZ.app */ = {isa = PBXFileReference; explicitFileType = wrapper.application; includeInIndex = 0; path = DZ.app; sourceTree = BUILT_PRODUCTS_DIR; };
		CEB320FB18E952E2004134D4 /* Foundation.framework */ = {isa = PBXFileReference; lastKnownFileType = wrapper.framework; name = Foundation.framework; path = System/Library/Frameworks/Foundation.framework; sourceTree = SDKROOT; };
		CEB320FD18E952E2004134D4 /* CoreGraphics.framework */ = {isa = PBXFileReference; lastKnownFileType = wrapper.framework; name = CoreGraphics.framework; path = System/Library/Frameworks/CoreGraphics.framework; sourceTree = SDKROOT; };
		CEB320FF18E952E2004134D4 /* UIKit.framework */ = {isa = PBXFileReference; lastKnownFileType = wrapper.framework; name = UIKit.framework; path = System/Library/Frameworks/UIKit.framework; sourceTree = SDKROOT; };
		CEB3210318E952E2004134D4 /* DZ-Info.plist */ = {isa = PBXFileReference; lastKnownFileType = text.plist.xml; path = "DZ-Info.plist"; sourceTree = "<group>"; };
		CEB3210518E952E2004134D4 /* en */ = {isa = PBXFileReference; lastKnownFileType = text.plist.strings; name = en; path = en.lproj/InfoPlist.strings; sourceTree = "<group>"; };
		CEB3210718E952E2004134D4 /* main.m */ = {isa = PBXFileReference; lastKnownFileType = sourcecode.c.objc; path = main.m; sourceTree = "<group>"; };
		CEB3210918E952E2004134D4 /* DZ-Prefix.pch */ = {isa = PBXFileReference; lastKnownFileType = sourcecode.c.h; path = "DZ-Prefix.pch"; sourceTree = "<group>"; };
		CEB3210A18E952E2004134D4 /* AppDelegate.h */ = {isa = PBXFileReference; lastKnownFileType = sourcecode.c.h; path = AppDelegate.h; sourceTree = "<group>"; };
		CEB3210B18E952E2004134D4 /* AppDelegate.m */ = {isa = PBXFileReference; lastKnownFileType = sourcecode.c.objc; path = AppDelegate.m; sourceTree = "<group>"; };
		CEB3210D18E952E2004134D4 /* Images.xcassets */ = {isa = PBXFileReference; lastKnownFileType = folder.assetcatalog; path = Images.xcassets; sourceTree = "<group>"; };
		CEB3211318E952E2004134D4 /* DZTests.xctest */ = {isa = PBXFileReference; explicitFileType = wrapper.cfbundle; includeInIndex = 0; path = DZTests.xctest; sourceTree = BUILT_PRODUCTS_DIR; };
		CEB3211418E952E2004134D4 /* XCTest.framework */ = {isa = PBXFileReference; lastKnownFileType = wrapper.framework; name = XCTest.framework; path = Library/Frameworks/XCTest.framework; sourceTree = DEVELOPER_DIR; };
		CEB3211C18E952E2004134D4 /* DZTests-Info.plist */ = {isa = PBXFileReference; lastKnownFileType = text.plist.xml; path = "DZTests-Info.plist"; sourceTree = "<group>"; };
		CEB3211E18E952E2004134D4 /* en */ = {isa = PBXFileReference; lastKnownFileType = text.plist.strings; name = en; path = en.lproj/InfoPlist.strings; sourceTree = "<group>"; };
		CEB3212018E952E2004134D4 /* DZTests.m */ = {isa = PBXFileReference; lastKnownFileType = sourcecode.c.objc; path = DZTests.m; sourceTree = "<group>"; };
/* End PBXFileReference section */

/* Begin PBXFrameworksBuildPhase section */
		CEB320F518E952E2004134D4 /* Frameworks */ = {
			isa = PBXFrameworksBuildPhase;
			buildActionMask = 2147483647;
			files = (
				CEB320FE18E952E2004134D4 /* CoreGraphics.framework in Frameworks */,
				CEB3210018E952E2004134D4 /* UIKit.framework in Frameworks */,
				CEB320FC18E952E2004134D4 /* Foundation.framework in Frameworks */,
			);
			runOnlyForDeploymentPostprocessing = 0;
		};
		CEB3211018E952E2004134D4 /* Frameworks */ = {
			isa = PBXFrameworksBuildPhase;
			buildActionMask = 2147483647;
			files = (
				CEB3211518E952E2004134D4 /* XCTest.framework in Frameworks */,
				CEB3211718E952E2004134D4 /* UIKit.framework in Frameworks */,
				CEB3211618E952E2004134D4 /* Foundation.framework in Frameworks */,
			);
			runOnlyForDeploymentPostprocessing = 0;
		};
/* End PBXFrameworksBuildPhase section */

/* Begin PBXGroup section */
		CEB320EF18E952E2004134D4 = {
			isa = PBXGroup;
			children = (
				CEB3210118E952E2004134D4 /* DZ */,
				CEB3211A18E952E2004134D4 /* DZTests */,
				CEB320FA18E952E2004134D4 /* Frameworks */,
				CEB320F918E952E2004134D4 /* Products */,
			);
			sourceTree = "<group>";
		};
		CEB320F918E952E2004134D4 /* Products */ = {
			isa = PBXGroup;
			children = (
				CEB320F818E952E2004134D4 /* DZ.app */,
				CEB3211318E952E2004134D4 /* DZTests.xctest */,
			);
			name = Products;
			sourceTree = "<group>";
		};
		CEB320FA18E952E2004134D4 /* Frameworks */ = {
			isa = PBXGroup;
			children = (
				CEB320FB18E952E2004134D4 /* Foundation.framework */,
				CEB320FD18E952E2004134D4 /* CoreGraphics.framework */,
				CEB320FF18E952E2004134D4 /* UIKit.framework */,
				CEB3211418E952E2004134D4 /* XCTest.framework */,
			);
			name = Frameworks;
			sourceTree = "<group>";
		};
		CEB3210118E952E2004134D4 /* DZ */ = {
			isa = PBXGroup;
			children = (
				CEB3210A18E952E2004134D4 /* AppDelegate.h */,
				CEB3210B18E952E2004134D4 /* AppDelegate.m */,
				CEB3210D18E952E2004134D4 /* Images.xcassets */,
				CEB3210218E952E2004134D4 /* Supporting Files */,
			);
			path = DZ;
			sourceTree = "<group>";
		};
		CEB3210218E952E2004134D4 /* Supporting Files */ = {
			isa = PBXGroup;
			children = (
				CEB3210318E952E2004134D4 /* DZ-Info.plist */,
				CEB3210418E952E2004134D4 /* InfoPlist.strings */,
				CEB3210718E952E2004134D4 /* main.m */,
				CEB3210918E952E2004134D4 /* DZ-Prefix.pch */,
			);
			name = "Supporting Files";
			sourceTree = "<group>";
		};
		CEB3211A18E952E2004134D4 /* DZTests */ = {
			isa = PBXGroup;
			children = (
				CEB3212018E952E2004134D4 /* DZTests.m */,
				CEB3211B18E952E2004134D4 /* Supporting Files */,
			);
			path = DZTests;
			sourceTree = "<group>";
		};
		CEB3211B18E952E2004134D4 /* Supporting Files */ = {
			isa = PBXGroup;
			children = (
				CEB3211C18E952E2004134D4 /* DZTests-Info.plist */,
				CEB3211D18E952E2004134D4 /* InfoPlist.strings */,
			);
			name = "Supporting Files";
			sourceTree = "<group>";
		};
/* End PBXGroup section */

/* Begin PBXNativeTarget section */
		CEB320F718E952E2004134D4 /* DZ */ = {
			isa = PBXNativeTarget;
			buildConfigurationList = CEB3212418E952E2004134D4 /* Build configuration list for PBXNativeTarget "DZ" */;
			buildPhases = (
				CEB320F418E952E2004134D4 /* Sources */,
				CEB320F518E952E2004134D4 /* Frameworks */,
				CEB320F618E952E2004134D4 /* Resources */,
			);
			buildRules = (
			);
			dependencies = (
			);
			name = DZ;
			productName = DZ;
			productReference = CEB320F818E952E2004134D4 /* DZ.app */;
			productType = "com.apple.product-type.application";
		};
		CEB3211218E952E2004134D4 /* DZTests */ = {
			isa = PBXNativeTarget;
			buildConfigurationList = CEB3212718E952E2004134D4 /* Build configuration list for PBXNativeTarget "DZTests" */;
			buildPhases = (
				CEB3210F18E952E2004134D4 /* Sources */,
				CEB3211018E952E2004134D4 /* Frameworks */,
				CEB3211118E952E2004134D4 /* Resources */,
			);
			buildRules = (
			);
			dependencies = (
				CEB3211918E952E2004134D4 /* PBXTargetDependency */,
			);
			name = DZTests;
			productName = DZTests;
			productReference = CEB3211318E952E2004134D4 /* DZTests.xctest */;
			productType = "com.apple.product-type.bundle.unit-test";
		};
/* End PBXNativeTarget section */

/* Begin PBXProject section */
		CEB320F018E952E2004134D4 /* Project object */ = {
			isa = PBXProject;
			attributes = {
				LastUpgradeCheck = 0500;
				ORGANIZATIONNAME = Nonato;
				TargetAttributes = {
					CEB3211218E952E2004134D4 = {
						TestTargetID = CEB320F718E952E2004134D4;
					};
				};
			};
			buildConfigurationList = CEB320F318E952E2004134D4 /* Build configuration list for PBXProject "DZ" */;
			compatibilityVersion = "Xcode 3.2";
			developmentRegion = English;
			hasScannedForEncodings = 0;
			knownRegions = (
				en,
			);
			mainGroup = CEB320EF18E952E2004134D4;
			productRefGroup = CEB320F918E952E2004134D4 /* Products */;
			projectDirPath = "";
			projectRoot = "";
			targets = (
				CEB320F718E952E2004134D4 /* DZ */,
				CEB3211218E952E2004134D4 /* DZTests */,
			);
		};
/* End PBXProject section */

/* Begin PBXResourcesBuildPhase section */
		CEB320F618E952E2004134D4 /* Resources */ = {
			isa = PBXResourcesBuildPhase;
			buildActionMask = 2147483647;
			files = (
				CEB3210618E952E2004134D4 /* InfoPlist.strings in Resources */,
				CEB3210E18E952E2004134D4 /* Images.xcassets in Resources */,
			);
			runOnlyForDeploymentPostprocessing = 0;
		};
		CEB3211118E952E2004134D4 /* Resources */ = {
			isa = PBXResourcesBuildPhase;
			buildActionMask = 2147483647;
			files = (
				CEB3211F18E952E2004134D4 /* InfoPlist.strings in Resources */,
			);
			runOnlyForDeploymentPostprocessing = 0;
		};
/* End PBXResourcesBuildPhase section */

/* Begin PBXSourcesBuildPhase section */
		CEB320F418E952E2004134D4 /* Sources */ = {
			isa = PBXSourcesBuildPhase;
			buildActionMask = 2147483647;
			files = (
				CEB3210C18E952E2004134D4 /* AppDelegate.m in Sources */,
				CEB3210818E952E2004134D4 /* main.m in Sources */,
			);
			runOnlyForDeploymentPostprocessing = 0;
		};
		CEB3210F18E952E2004134D4 /* Sources */ = {
			isa = PBXSourcesBuildPhase;
			buildActionMask = 2147483647;
			files = (
				CEB3212118E952E2004134D4 /* DZTests.m in Sources */,
			);
			runOnlyForDeploymentPostprocessing = 0;
		};
/* End PBXSourcesBuildPhase section */

/* Begin PBXTargetDependency section */
		CEB3211918E952E2004134D4 /* PBXTargetDependency */ = {
			isa = PBXTargetDependency;
			target = CEB320F718E952E2004134D4 /* DZ */;
			targetProxy = CEB3211818E952E2004134D4 /* PBXContainerItemProxy */;
		};
/* End PBXTargetDependency section */

/* Begin PBXVariantGroup section */
		CEB3210418E952E2004134D4 /* InfoPlist.strings */ = {
			isa = PBXVariantGroup;
			children = (
				CEB3210518E952E2004134D4 /* en */,
			);
			name = InfoPlist.strings;
			sourceTree = "<group>";
		};
		CEB3211D18E952E2004134D4 /* InfoPlist.strings */ = {
			isa = PBXVariantGroup;
			children = (
				CEB3211E18E952E2004134D4 /* en */,
			);
			name = InfoPlist.strings;
			sourceTree = "<group>";
		};
/* End PBXVariantGroup section */

/* Begin XCBuildConfiguration section */
		CEB3212218E952E2004134D4 /* Debug */ = {
			isa = XCBuildConfiguration;
			buildSettings = {
				ALWAYS_SEARCH_USER_PATHS = NO;
				ARCHS = "$(ARCHS_STANDARD_INCLUDING_64_BIT)";
				CLANG_CXX_LANGUAGE_STANDARD = "gnu++0x";
				CLANG_CXX_LIBRARY = "libc++";
				CLANG_ENABLE_MODULES = YES;
				CLANG_ENABLE_OBJC_ARC = YES;
				CLANG_WARN_BOOL_CONVERSION = YES;
				CLANG_WARN_CONSTANT_CONVERSION = YES;
				CLANG_WARN_DIRECT_OBJC_ISA_USAGE = YES_ERROR;
				CLANG_WARN_EMPTY_BODY = YES;
				CLANG_WARN_ENUM_CONVERSION = YES;
				CLANG_WARN_INT_CONVERSION = YES;
				CLANG_WARN_OBJC_ROOT_CLASS = YES_ERROR;
				CLANG_WARN__DUPLICATE_METHOD_MATCH = YES;
				"CODE_SIGN_IDENTITY[sdk=iphoneos*]" = "iPhone Developer";
				COPY_PHASE_STRIP = NO;
				GCC_C_LANGUAGE_STANDARD = gnu99;
				GCC_DYNAMIC_NO_PIC = NO;
				GCC_OPTIMIZATION_LEVEL = 0;
				GCC_PREPROCESSOR_DEFINITIONS = (
					"DEBUG=1",
					"$(inherited)",
				);
				GCC_SYMBOLS_PRIVATE_EXTERN = NO;
				GCC_WARN_64_TO_32_BIT_CONVERSION = YES;
				GCC_WARN_ABOUT_RETURN_TYPE = YES_ERROR;
				GCC_WARN_UNDECLARED_SELECTOR = YES;
				GCC_WARN_UNINITIALIZED_AUTOS = YES;
				GCC_WARN_UNUSED_FUNCTION = YES;
				GCC_WARN_UNUSED_VARIABLE = YES;
				IPHONEOS_DEPLOYMENT_TARGET = 7.0;
				ONLY_ACTIVE_ARCH = YES;
				SDKROOT = iphoneos;
				TARGETED_DEVICE_FAMILY = "1,2";
			};
			name = Debug;
		};
		CEB3212318E952E2004134D4 /* Release */ = {
			isa = XCBuildConfiguration;
			buildSettings = {
				ALWAYS_SEARCH_USER_PATHS = NO;
				ARCHS = "$(ARCHS_STANDARD_INCLUDING_64_BIT)";
				CLANG_CXX_LANGUAGE_STANDARD = "gnu++0x";
				CLANG_CXX_LIBRARY = "libc++";
				CLANG_ENABLE_MODULES = YES;
				CLANG_ENABLE_OBJC_ARC = YES;
				CLANG_WARN_BOOL_CONVERSION = YES;
				CLANG_WARN_CONSTANT_CONVERSION = YES;
				CLANG_WARN_DIRECT_OBJC_ISA_USAGE = YES_ERROR;
				CLANG_WARN_EMPTY_BODY = YES;
				CLANG_WARN_ENUM_CONVERSION = YES;
				CLANG_WARN_INT_CONVERSION = YES;
				CLANG_WARN_OBJC_ROOT_CLASS = YES_ERROR;
				CLANG_WARN__DUPLICATE_METHOD_MATCH = YES;
				"CODE_SIGN_IDENTITY[sdk=iphoneos*]" = "iPhone Developer";
				COPY_PHASE_STRIP = YES;
				ENABLE_NS_ASSERTIONS = NO;
				GCC_C_LANGUAGE_STANDARD = gnu99;
				GCC_WARN_64_TO_32_BIT_CONVERSION = YES;
				GCC_WARN_ABOUT_RETURN_TYPE = YES_ERROR;
				GCC_WARN_UNDECLARED_SELECTOR = YES;
				GCC_WARN_UNINITIALIZED_AUTOS = YES;
				GCC_WARN_UNUSED_FUNCTION = YES;
				GCC_WARN_UNUSED_VARIABLE = YES;
				IPHONEOS_DEPLOYMENT_TARGET = 7.0;
				SDKROOT = iphoneos;
				TARGETED_DEVICE_FAMILY = "1,2";
				VALIDATE_PRODUCT = YES;
			};
			name = Release;
		};
		CEB3212518E952E2004134D4 /* Debug */ = {
			isa = XCBuildConfiguration;
			buildSettings = {
				ASSETCATALOG_COMPILER_APPICON_NAME = AppIcon;
				ASSETCATALOG_COMPILER_LAUNCHIMAGE_NAME = LaunchImage;
				GCC_PRECOMPILE_PREFIX_HEADER = YES;
				GCC_PREFIX_HEADER = "DZ/DZ-Prefix.pch";
				INFOPLIST_FILE = "DZ/DZ-Info.plist";
				PRODUCT_NAME = "$(TARGET_NAME)";
				WRAPPER_EXTENSION = app;
			};
			name = Debug;
		};
		CEB3212618E952E2004134D4 /* Release */ = {
			isa = XCBuildConfiguration;
			buildSettings = {
				ASSETCATALOG_COMPILER_APPICON_NAME = AppIcon;
				ASSETCATALOG_COMPILER_LAUNCHIMAGE_NAME = LaunchImage;
				GCC_PRECOMPILE_PREFIX_HEADER = YES;
				GCC_PREFIX_HEADER = "DZ/DZ-Prefix.pch";
				INFOPLIST_FILE = "DZ/DZ-Info.plist";
				PRODUCT_NAME = "$(TARGET_NAME)";
				WRAPPER_EXTENSION = app;
			};
			name = Release;
		};
		CEB3212818E952E2004134D4 /* Debug */ = {
			isa = XCBuildConfiguration;
			buildSettings = {
				ARCHS = "$(ARCHS_STANDARD_INCLUDING_64_BIT)";
				BUNDLE_LOADER = "$(BUILT_PRODUCTS_DIR)/DZ.app/DZ";
				FRAMEWORK_SEARCH_PATHS = (
					"$(SDKROOT)/Developer/Library/Frameworks",
					"$(inherited)",
					"$(DEVELOPER_FRAMEWORKS_DIR)",
				);
				GCC_PRECOMPILE_PREFIX_HEADER = YES;
				GCC_PREFIX_HEADER = "DZ/DZ-Prefix.pch";
				GCC_PREPROCESSOR_DEFINITIONS = (
					"DEBUG=1",
					"$(inherited)",
				);
				INFOPLIST_FILE = "DZTests/DZTests-Info.plist";
				PRODUCT_NAME = "$(TARGET_NAME)";
				TEST_HOST = "$(BUNDLE_LOADER)";
				WRAPPER_EXTENSION = xctest;
			};
			name = Debug;
		};
		CEB3212918E952E2004134D4 /* Release */ = {
			isa = XCBuildConfiguration;
			buildSettings = {
				ARCHS = "$(ARCHS_STANDARD_INCLUDING_64_BIT)";
				BUNDLE_LOADER = "$(BUILT_PRODUCTS_DIR)/DZ.app/DZ";
				FRAMEWORK_SEARCH_PATHS = (
					"$(SDKROOT)/Developer/Library/Frameworks",
					"$(inherited)",
					"$(DEVELOPER_FRAMEWORKS_DIR)",
				);
				GCC_PRECOMPILE_PREFIX_HEADER = YES;
				GCC_PREFIX_HEADER = "DZ/DZ-Prefix.pch";
				INFOPLIST_FILE = "DZTests/DZTests-Info.plist";
				PRODUCT_NAME = "$(TARGET_NAME)";
				TEST_HOST = "$(BUNDLE_LOADER)";
				WRAPPER_EXTENSION = xctest;
			};
			name = Release;
		};
/* End XCBuildConfiguration section */

/* Begin XCConfigurationList section */
		CEB320F318E952E2004134D4 /* Build configuration list for PBXProject "DZ" */ = {
			isa = XCConfigurationList;
			buildConfigurations = (
				CEB3212218E952E2004134D4 /* Debug */,
				CEB3212318E952E2004134D4 /* Release */,
			);
			defaultConfigurationIsVisible = 0;
			defaultConfigurationName = Release;
		};
		CEB3212418E952E2004134D4 /* Build configuration list for PBXNativeTarget "DZ" */ = {
			isa = XCConfigurationList;
			buildConfigurations = (
				CEB3212518E952E2004134D4 /* Debug */,
				CEB3212618E952E2004134D4 /* Release */,
			);
			defaultConfigurationIsVisible = 0;
		};
		CEB3212718E952E2004134D4 /* Build configuration list for PBXNativeTarget "DZTests" */ = {
			isa = XCConfigurationList;
			buildConfigurations = (
				CEB3212818E952E2004134D4 /* Debug */,
				CEB3212918E952E2004134D4 /* Release */,
			);
			defaultConfigurationIsVisible = 0;
		};
/* End XCConfigurationList section */
	};
	rootObject = CEB320F018E952E2004134D4 /* Project object */;
}
